
Microsoft Visual Studio Solution File, Format Version 12.00
# Visual Studio Version 17
VisualStudioVersion = 17.5.002.0
MinimumVisualStudioVersion = 10.0.40219.1
Project("{2150E333-8FDC-42A3-9474-1A3956D46DE8}") = "prepare", "prepare", "{56E71013-07AE-4F68-869E-35F083426646}"
EndProject
Project("{9A19103F-16F7-4668-BE54-9A1E7A4F7556}") = "Learning02", "prepare\Learning02\Learning02.csproj", "{695222C6-41E0-440A-B53C-03FD4B352FFD}"
EndProject
Project("{9A19103F-16F7-4668-BE54-9A1E7A4F7556}") = "Learning05", "prepare\Learning05\Learning05.csproj", "{8D4CD11C-CC7C-46C7-B717-9D2F664093E8}"
EndProject
Project("{9A19103F-16F7-4668-BE54-9A1E7A4F7556}") = "Learning04", "prepare\Learning04\Learning04.csproj", "{860938B1-BAE4-4B0D-88C1-407ACF91E132}"
EndProject
Project("{9A19103F-16F7-4668-BE54-9A1E7A4F7556}") = "Learning03", "prepare\Learning03\Learning03.csproj", "{B14F27CE-E36A-4A8E-B1CF-5E77C88BA7F1}"
EndProject
Project("{2150E333-8FDC-42A3-9474-1A3956D46DE8}") = "prove", "prove", "{783212D2-17DB-4BC2-90EB-82FEE6242A32}"
EndProject
Project("{9A19103F-16F7-4668-BE54-9A1E7A4F7556}") = "Develop03", "prove\Develop03\Develop03.csproj", "{F7D9773B-A8AC-44F8-98B7-3FAB336BD8BE}"
EndProject
Project("{9A19103F-16F7-4668-BE54-9A1E7A4F7556}") = "Develop04", "prove\Develop04\Develop04.csproj", "{E7BD4E67-50C7-465F-B00E-D926F806E115}"
EndProject
Project("{9A19103F-16F7-4668-BE54-9A1E7A4F7556}") = "Develop05", "prove\Develop05\Develop05.csproj", "{E6B837FF-55BE-4E37-BA09-9938DD2B020A}"
EndProject
Project("{9A19103F-16F7-4668-BE54-9A1E7A4F7556}") = "Develop02", "prove\Develop02\Develop02.csproj", "{85F4426D-9794-4C79-8D67-981113576E96}"
EndProject
Project("{2150E333-8FDC-42A3-9474-1A3956D46DE8}") = "sandbox", "sandbox", "{34C96C6A-6B47-40A1-9395-BFAC8A45959F}"
EndProject
Project("{9A19103F-16F7-4668-BE54-9A1E7A4F7556}") = "Sandbox", "sandbox\Sandbox\Sandbox.csproj", "{524C57D6-1ED2-42C9-9837-1418DB6A4D30}"
EndProject
Project("{2150E333-8FDC-42A3-9474-1A3956D46DE8}") = "final", "final", "{DABD98B8-20F8-45BF-A5F1-CD39FCECF770}"
EndProject
Project("{9A19103F-16F7-4668-BE54-9A1E7A4F7556}") = "FinalProject", "final\FinalProject\FinalProject.csproj", "{16C5E6C0-00CB-45D4-A004-5206FBE71FD2}"
EndProject
Project("{9A19103F-16F7-4668-BE54-9A1E7A4F7556}") = "Foundation1", "final\Foundation1\Foundation1.csproj", "{40A4494D-E0AD-4C3F-8338-D4D91853A16A}"
EndProject
Project("{9A19103F-16F7-4668-BE54-9A1E7A4F7556}") = "Foundation4", "final\Foundation4\Foundation4.csproj", "{C63C57B6-0948-402A-8FDD-8C188B2908AD}"
EndProject
Project("{9A19103F-16F7-4668-BE54-9A1E7A4F7556}") = "Foundation3", "final\Foundation3\Foundation3.csproj", "{B2A394C5-7CA0-446B-89DB-5A45F69AF4B8}"
EndProject
Project("{9A19103F-16F7-4668-BE54-9A1E7A4F7556}") = "Foundation2", "final\Foundation2\Foundation2.csproj", "{AFCB1E4A-7697-4DF7-B089-97ED5C24BA7F}"
EndProject
Project("{2150E333-8FDC-42A3-9474-1A3956D46DE8}") = "csharp-prep", "csharp-prep", "{62DFF9CD-921E-41A6-82F3-ED8B326B18A4}"
EndProject
Project("{9A19103F-16F7-4668-BE54-9A1E7A4F7556}") = "Prep1", "csharp-prep\Prep1\Prep1.csproj", "{8E493EC3-E3B4-4EC6-A924-9767C36607D6}"
EndProject
Project("{9A19103F-16F7-4668-BE54-9A1E7A4F7556}") = "Prep5", "csharp-prep\Prep5\Prep5.csproj", "{142A5F36-B474-417F-BC06-42C879B32C76}"
EndProject
Project("{9A19103F-16F7-4668-BE54-9A1E7A4F7556}") = "Prep2", "csharp-prep\Prep2\Prep2.csproj", "{60F25780-9900-4035-B643-0663C1C02058}"
EndProject
Project("{9A19103F-16F7-4668-BE54-9A1E7A4F7556}") = "Prep3", "csharp-prep\Prep3\Prep3.csproj", "{F5FCBAFB-6133-409D-A0B8-5B9BB1C523AF}"
EndProject
Project("{9A19103F-16F7-4668-BE54-9A1E7A4F7556}") = "Prep4", "csharp-prep\Prep4\Prep4.csproj", "{6CE77590-8DA0-473A-A25C-658DC4FCD5C4}"
EndProject
Global
	GlobalSection(SolutionConfigurationPlatforms) = preSolution
		Debug|Any CPU = Debug|Any CPU
		Release|Any CPU = Release|Any CPU
	EndGlobalSection
	GlobalSection(ProjectConfigurationPlatforms) = postSolution
		{695222C6-41E0-440A-B53C-03FD4B352FFD}.Debug|Any CPU.ActiveCfg = Debug|Any CPU
		{695222C6-41E0-440A-B53C-03FD4B352FFD}.Debug|Any CPU.Build.0 = Debug|Any CPU
		{695222C6-41E0-440A-B53C-03FD4B352FFD}.Release|Any CPU.ActiveCfg = Release|Any CPU
		{695222C6-41E0-440A-B53C-03FD4B352FFD}.Release|Any CPU.Build.0 = Release|Any CPU
		{8D4CD11C-CC7C-46C7-B717-9D2F664093E8}.Debug|Any CPU.ActiveCfg = Debug|Any CPU
		{8D4CD11C-CC7C-46C7-B717-9D2F664093E8}.Debug|Any CPU.Build.0 = Debug|Any CPU
		{8D4CD11C-CC7C-46C7-B717-9D2F664093E8}.Release|Any CPU.ActiveCfg = Release|Any CPU
		{8D4CD11C-CC7C-46C7-B717-9D2F664093E8}.Release|Any CPU.Build.0 = Release|Any CPU
		{860938B1-BAE4-4B0D-88C1-407ACF91E132}.Debug|Any CPU.ActiveCfg = Debug|Any CPU
		{860938B1-BAE4-4B0D-88C1-407ACF91E132}.Debug|Any CPU.Build.0 = Debug|Any CPU
		{860938B1-BAE4-4B0D-88C1-407ACF91E132}.Release|Any CPU.ActiveCfg = Release|Any CPU
		{860938B1-BAE4-4B0D-88C1-407ACF91E132}.Release|Any CPU.Build.0 = Release|Any CPU
		{B14F27CE-E36A-4A8E-B1CF-5E77C88BA7F1}.Debug|Any CPU.ActiveCfg = Debug|Any CPU
		{B14F27CE-E36A-4A8E-B1CF-5E77C88BA7F1}.Debug|Any CPU.Build.0 = Debug|Any CPU
		{B14F27CE-E36A-4A8E-B1CF-5E77C88BA7F1}.Release|Any CPU.ActiveCfg = Release|Any CPU
		{B14F27CE-E36A-4A8E-B1CF-5E77C88BA7F1}.Release|Any CPU.Build.0 = Release|Any CPU
		{F7D9773B-A8AC-44F8-98B7-3FAB336BD8BE}.Debug|Any CPU.ActiveCfg = Debug|Any CPU
		{F7D9773B-A8AC-44F8-98B7-3FAB336BD8BE}.Debug|Any CPU.Build.0 = Debug|Any CPU
		{F7D9773B-A8AC-44F8-98B7-3FAB336BD8BE}.Release|Any CPU.ActiveCfg = Release|Any CPU
		{F7D9773B-A8AC-44F8-98B7-3FAB336BD8BE}.Release|Any CPU.Build.0 = Release|Any CPU
		{E7BD4E67-50C7-465F-B00E-D926F806E115}.Debug|Any CPU.ActiveCfg = Debug|Any CPU
		{E7BD4E67-50C7-465F-B00E-D926F806E115}.Debug|Any CPU.Build.0 = Debug|Any CPU
		{E7BD4E67-50C7-465F-B00E-D926F806E115}.Release|Any CPU.ActiveCfg = Release|Any CPU
		{E7BD4E67-50C7-465F-B00E-D926F806E115}.Release|Any CPU.Build.0 = Release|Any CPU
		{E6B837FF-55BE-4E37-BA09-9938DD2B020A}.Debug|Any CPU.ActiveCfg = Debug|Any CPU
		{E6B837FF-55BE-4E37-BA09-9938DD2B020A}.Debug|Any CPU.Build.0 = Debug|Any CPU
		{E6B837FF-55BE-4E37-BA09-9938DD2B020A}.Release|Any CPU.ActiveCfg = Release|Any CPU
		{E6B837FF-55BE-4E37-BA09-9938DD2B020A}.Release|Any CPU.Build.0 = Release|Any CPU
		{85F4426D-9794-4C79-8D67-981113576E96}.Debug|Any CPU.ActiveCfg = Debug|Any CPU
		{85F4426D-9794-4C79-8D67-981113576E96}.Debug|Any CPU.Build.0 = Debug|Any CPU
		{85F4426D-9794-4C79-8D67-981113576E96}.Release|Any CPU.ActiveCfg = Release|Any CPU
		{85F4426D-9794-4C79-8D67-981113576E96}.Release|Any CPU.Build.0 = Release|Any CPU
		{524C57D6-1ED2-42C9-9837-1418DB6A4D30}.Debug|Any CPU.ActiveCfg = Debug|Any CPU
		{524C57D6-1ED2-42C9-9837-1418DB6A4D30}.Debug|Any CPU.Build.0 = Debug|Any CPU
		{524C57D6-1ED2-42C9-9837-1418DB6A4D30}.Release|Any CPU.ActiveCfg = Release|Any CPU
		{524C57D6-1ED2-42C9-9837-1418DB6A4D30}.Release|Any CPU.Build.0 = Release|Any CPU
		{16C5E6C0-00CB-45D4-A004-5206FBE71FD2}.Debug|Any CPU.ActiveCfg = Debug|Any CPU
		{16C5E6C0-00CB-45D4-A004-5206FBE71FD2}.Debug|Any CPU.Build.0 = Debug|Any CPU
		{16C5E6C0-00CB-45D4-A004-5206FBE71FD2}.Release|Any CPU.ActiveCfg = Release|Any CPU
		{16C5E6C0-00CB-45D4-A004-5206FBE71FD2}.Release|Any CPU.Build.0 = Release|Any CPU
		{40A4494D-E0AD-4C3F-8338-D4D91853A16A}.Debug|Any CPU.ActiveCfg = Debug|Any CPU
		{40A4494D-E0AD-4C3F-8338-D4D91853A16A}.Debug|Any CPU.Build.0 = Debug|Any CPU
		{40A4494D-E0AD-4C3F-8338-D4D91853A16A}.Release|Any CPU.ActiveCfg = Release|Any CPU
		{40A4494D-E0AD-4C3F-8338-D4D91853A16A}.Release|Any CPU.Build.0 = Release|Any CPU
		{C63C57B6-0948-402A-8FDD-8C188B2908AD}.Debug|Any CPU.ActiveCfg = Debug|Any CPU
		{C63C57B6-0948-402A-8FDD-8C188B2908AD}.Debug|Any CPU.Build.0 = Debug|Any CPU
		{C63C57B6-0948-402A-8FDD-8C188B2908AD}.Release|Any CPU.ActiveCfg = Release|Any CPU
		{C63C57B6-0948-402A-8FDD-8C188B2908AD}.Release|Any CPU.Build.0 = Release|Any CPU
		{B2A394C5-7CA0-446B-89DB-5A45F69AF4B8}.Debug|Any CPU.ActiveCfg = Debug|Any CPU
		{B2A394C5-7CA0-446B-89DB-5A45F69AF4B8}.Debug|Any CPU.Build.0 = Debug|Any CPU
		{B2A394C5-7CA0-446B-89DB-5A45F69AF4B8}.Release|Any CPU.ActiveCfg = Release|Any CPU
		{B2A394C5-7CA0-446B-89DB-5A45F69AF4B8}.Release|Any CPU.Build.0 = Release|Any CPU
		{AFCB1E4A-7697-4DF7-B089-97ED5C24BA7F}.Debug|Any CPU.ActiveCfg = Debug|Any CPU
		{AFCB1E4A-7697-4DF7-B089-97ED5C24BA7F}.Debug|Any CPU.Build.0 = Debug|Any CPU
		{AFCB1E4A-7697-4DF7-B089-97ED5C24BA7F}.Release|Any CPU.ActiveCfg = Release|Any CPU
		{AFCB1E4A-7697-4DF7-B089-97ED5C24BA7F}.Release|Any CPU.Build.0 = Release|Any CPU
		{8E493EC3-E3B4-4EC6-A924-9767C36607D6}.Debug|Any CPU.ActiveCfg = Debug|Any CPU
		{8E493EC3-E3B4-4EC6-A924-9767C36607D6}.Debug|Any CPU.Build.0 = Debug|Any CPU
		{8E493EC3-E3B4-4EC6-A924-9767C36607D6}.Release|Any CPU.ActiveCfg = Release|Any CPU
		{8E493EC3-E3B4-4EC6-A924-9767C36607D6}.Release|Any CPU.Build.0 = Release|Any CPU
		{142A5F36-B474-417F-BC06-42C879B32C76}.Debug|Any CPU.ActiveCfg = Debug|Any CPU
		{142A5F36-B474-417F-BC06-42C879B32C76}.Debug|Any CPU.Build.0 = Debug|Any CPU
		{142A5F36-B474-417F-BC06-42C879B32C76}.Release|Any CPU.ActiveCfg = Release|Any CPU
		{142A5F36-B474-417F-BC06-42C879B32C76}.Release|Any CPU.Build.0 = Release|Any CPU
		{60F25780-9900-4035-B643-0663C1C02058}.Debug|Any CPU.ActiveCfg = Debug|Any CPU
		{60F25780-9900-4035-B643-0663C1C02058}.Debug|Any CPU.Build.0 = Debug|Any CPU
		{60F25780-9900-4035-B643-0663C1C02058}.Release|Any CPU.ActiveCfg = Release|Any CPU
		{60F25780-9900-4035-B643-0663C1C02058}.Release|Any CPU.Build.0 = Release|Any CPU
		{F5FCBAFB-6133-409D-A0B8-5B9BB1C523AF}.Debug|Any CPU.ActiveCfg = Debug|Any CPU
		{F5FCBAFB-6133-409D-A0B8-5B9BB1C523AF}.Debug|Any CPU.Build.0 = Debug|Any CPU
		{F5FCBAFB-6133-409D-A0B8-5B9BB1C523AF}.Release|Any CPU.ActiveCfg = Release|Any CPU
		{F5FCBAFB-6133-409D-A0B8-5B9BB1C523AF}.Release|Any CPU.Build.0 = Release|Any CPU
		{6CE77590-8DA0-473A-A25C-658DC4FCD5C4}.Debug|Any CPU.ActiveCfg = Debug|Any CPU
		{6CE77590-8DA0-473A-A25C-658DC4FCD5C4}.Debug|Any CPU.Build.0 = Debug|Any CPU
		{6CE77590-8DA0-473A-A25C-658DC4FCD5C4}.Release|Any CPU.ActiveCfg = Release|Any CPU
		{6CE77590-8DA0-473A-A25C-658DC4FCD5C4}.Release|Any CPU.Build.0 = Release|Any CPU
	EndGlobalSection
	GlobalSection(SolutionProperties) = preSolution
		HideSolutionNode = FALSE
	EndGlobalSection
	GlobalSection(NestedProjects) = preSolution
		{695222C6-41E0-440A-B53C-03FD4B352FFD} = {56E71013-07AE-4F68-869E-35F083426646}
		{8D4CD11C-CC7C-46C7-B717-9D2F664093E8} = {56E71013-07AE-4F68-869E-35F083426646}
		{860938B1-BAE4-4B0D-88C1-407ACF91E132} = {56E71013-07AE-4F68-869E-35F083426646}
		{B14F27CE-E36A-4A8E-B1CF-5E77C88BA7F1} = {56E71013-07AE-4F68-869E-35F083426646}
		{F7D9773B-A8AC-44F8-98B7-3FAB336BD8BE} = {783212D2-17DB-4BC2-90EB-82FEE6242A32}
		{E7BD4E67-50C7-465F-B00E-D926F806E115} = {783212D2-17DB-4BC2-90EB-82FEE6242A32}
		{E6B837FF-55BE-4E37-BA09-9938DD2B020A} = {783212D2-17DB-4BC2-90EB-82FEE6242A32}
		{85F4426D-9794-4C79-8D67-981113576E96} = {783212D2-17DB-4BC2-90EB-82FEE6242A32}
		{524C57D6-1ED2-42C9-9837-1418DB6A4D30} = {34C96C6A-6B47-40A1-9395-BFAC8A45959F}
		{16C5E6C0-00CB-45D4-A004-5206FBE71FD2} = {DABD98B8-20F8-45BF-A5F1-CD39FCECF770}
		{40A4494D-E0AD-4C3F-8338-D4D91853A16A} = {DABD98B8-20F8-45BF-A5F1-CD39FCECF770}
		{C63C57B6-0948-402A-8FDD-8C188B2908AD} = {DABD98B8-20F8-45BF-A5F1-CD39FCECF770}
		{B2A394C5-7CA0-446B-89DB-5A45F69AF4B8} = {DABD98B8-20F8-45BF-A5F1-CD39FCECF770}
		{AFCB1E4A-7697-4DF7-B089-97ED5C24BA7F} = {DABD98B8-20F8-45BF-A5F1-CD39FCECF770}
		{8E493EC3-E3B4-4EC6-A924-9767C36607D6} = {62DFF9CD-921E-41A6-82F3-ED8B326B18A4}
		{142A5F36-B474-417F-BC06-42C879B32C76} = {62DFF9CD-921E-41A6-82F3-ED8B326B18A4}
		{60F25780-9900-4035-B643-0663C1C02058} = {62DFF9CD-921E-41A6-82F3-ED8B326B18A4}
		{F5FCBAFB-6133-409D-A0B8-5B9BB1C523AF} = {62DFF9CD-921E-41A6-82F3-ED8B326B18A4}
		{6CE77590-8DA0-473A-A25C-658DC4FCD5C4} = {62DFF9CD-921E-41A6-82F3-ED8B326B18A4}
	EndGlobalSection
	GlobalSection(ExtensibilityGlobals) = postSolution
		SolutionGuid = {86A6C6D9-E1A7-4D6D-9C4F-71E0696B41D7}
	EndGlobalSection
EndGlobal
